
Microsoft Visual Studio Solution File, Format Version 12.00
# Visual Studio Version 16
VisualStudioVersion = 16.0.31112.23
MinimumVisualStudioVersion = 10.0.40219.1
Project("{FAE04EC0-301F-11D3-BF4B-00C04F79EFBC}") = "Cards.API", "Cards.API\Cards.API.csproj", "{8C05A44E-1CFC-4B6F-9DB8-6150D01BD1FB}"
EndProject
Global
	GlobalSection(SolutionConfigurationPlatforms) = preSolution
		Debug|Any CPU = Debug|Any CPU
		Release|Any CPU = Release|Any CPU
	EndGlobalSection
	GlobalSection(ProjectConfigurationPlatforms) = postSolution
		{8C05A44E-1CFC-4B6F-9DB8-6150D01BD1FB}.Debug|Any CPU.ActiveCfg = Debug|Any CPU
		{8C05A44E-1CFC-4B6F-9DB8-6150D01BD1FB}.Debug|Any CPU.Build.0 = Debug|Any CPU
		{8C05A44E-1CFC-4B6F-9DB8-6150D01BD1FB}.Release|Any CPU.ActiveCfg = Release|Any CPU
		{8C05A44E-1CFC-4B6F-9DB8-6150D01BD1FB}.Release|Any CPU.Build.0 = Release|Any CPU
	EndGlobalSection
	GlobalSection(SolutionProperties) = preSolution
		HideSolutionNode = FALSE
	EndGlobalSection
	GlobalSection(ExtensibilityGlobals) = postSolution
		SolutionGuid = {210FE353-B222-46BC-98D9-1AB97E2ED262}
	EndGlobalSection
EndGlobal
